
Microsoft Visual Studio Solution File, Format Version 12.00
# Visual Studio Version 16
VisualStudioVersion = 16.0.28711.60
MinimumVisualStudioVersion = 10.0.40219.1
Project("{FAE04EC0-301F-11D3-BF4B-00C04F79EFBC}") = "deadwood_app.Android", "deadwood_app\deadwood_app.Android\deadwood_app.Android.csproj", "{9C245F59-9D4A-407E-AB71-F8BDE015D1CC}"
EndProject
Project("{FAE04EC0-301F-11D3-BF4B-00C04F79EFBC}") = "deadwood_app.iOS", "deadwood_app\deadwood_app.iOS\deadwood_app.iOS.csproj", "{C25A3563-7614-42D6-9ADF-2C5FB3E29BD4}"
EndProject
Project("{9A19103F-16F7-4668-BE54-9A1E7A4F7556}") = "deadwood_app", "deadwood_app\deadwood_app\deadwood_app.csproj", "{27F25B3D-6991-4B6D-A920-26C92917BE22}"
EndProject
Global
	GlobalSection(SolutionConfigurationPlatforms) = preSolution
		Ad-Hoc|Any CPU = Ad-Hoc|Any CPU
		Ad-Hoc|ARM = Ad-Hoc|ARM
		Ad-Hoc|iPhone = Ad-Hoc|iPhone
		Ad-Hoc|iPhoneSimulator = Ad-Hoc|iPhoneSimulator
		Ad-Hoc|x64 = Ad-Hoc|x64
		Ad-Hoc|x86 = Ad-Hoc|x86
		AppStore|Any CPU = AppStore|Any CPU
		AppStore|ARM = AppStore|ARM
		AppStore|iPhone = AppStore|iPhone
		AppStore|iPhoneSimulator = AppStore|iPhoneSimulator
		AppStore|x64 = AppStore|x64
		AppStore|x86 = AppStore|x86
		Debug|Any CPU = Debug|Any CPU
		Debug|ARM = Debug|ARM
		Debug|iPhone = Debug|iPhone
		Debug|iPhoneSimulator = Debug|iPhoneSimulator
		Debug|x64 = Debug|x64
		Debug|x86 = Debug|x86
		Release|Any CPU = Release|Any CPU
		Release|ARM = Release|ARM
		Release|iPhone = Release|iPhone
		Release|iPhoneSimulator = Release|iPhoneSimulator
		Release|x64 = Release|x64
		Release|x86 = Release|x86
	EndGlobalSection
	GlobalSection(ProjectConfigurationPlatforms) = postSolution
		{9C245F59-9D4A-407E-AB71-F8BDE015D1CC}.Ad-Hoc|Any CPU.ActiveCfg = Release|Any CPU
		{9C245F59-9D4A-407E-AB71-F8BDE015D1CC}.Ad-Hoc|Any CPU.Build.0 = Release|Any CPU
		{9C245F59-9D4A-407E-AB71-F8BDE015D1CC}.Ad-Hoc|Any CPU.Deploy.0 = Release|Any CPU
		{9C245F59-9D4A-407E-AB71-F8BDE015D1CC}.Ad-Hoc|ARM.ActiveCfg = Release|Any CPU
		{9C245F59-9D4A-407E-AB71-F8BDE015D1CC}.Ad-Hoc|ARM.Build.0 = Release|Any CPU
		{9C245F59-9D4A-407E-AB71-F8BDE015D1CC}.Ad-Hoc|ARM.Deploy.0 = Release|Any CPU
		{9C245F59-9D4A-407E-AB71-F8BDE015D1CC}.Ad-Hoc|iPhone.ActiveCfg = Release|Any CPU
		{9C245F59-9D4A-407E-AB71-F8BDE015D1CC}.Ad-Hoc|iPhone.Build.0 = Release|Any CPU
		{9C245F59-9D4A-407E-AB71-F8BDE015D1CC}.Ad-Hoc|iPhone.Deploy.0 = Release|Any CPU
		{9C245F59-9D4A-407E-AB71-F8BDE015D1CC}.Ad-Hoc|iPhoneSimulator.ActiveCfg = Release|Any CPU
		{9C245F59-9D4A-407E-AB71-F8BDE015D1CC}.Ad-Hoc|iPhoneSimulator.Build.0 = Release|Any CPU
		{9C245F59-9D4A-407E-AB71-F8BDE015D1CC}.Ad-Hoc|iPhoneSimulator.Deploy.0 = Release|Any CPU
		{9C245F59-9D4A-407E-AB71-F8BDE015D1CC}.Ad-Hoc|x64.ActiveCfg = Release|Any CPU
		{9C245F59-9D4A-407E-AB71-F8BDE015D1CC}.Ad-Hoc|x64.Build.0 = Release|Any CPU
		{9C245F59-9D4A-407E-AB71-F8BDE015D1CC}.Ad-Hoc|x64.Deploy.0 = Release|Any CPU
		{9C245F59-9D4A-407E-AB71-F8BDE015D1CC}.Ad-Hoc|x86.ActiveCfg = Release|Any CPU
		{9C245F59-9D4A-407E-AB71-F8BDE015D1CC}.Ad-Hoc|x86.Build.0 = Release|Any CPU
		{9C245F59-9D4A-407E-AB71-F8BDE015D1CC}.Ad-Hoc|x86.Deploy.0 = Release|Any CPU
		{9C245F59-9D4A-407E-AB71-F8BDE015D1CC}.AppStore|Any CPU.ActiveCfg = Release|Any CPU
		{9C245F59-9D4A-407E-AB71-F8BDE015D1CC}.AppStore|Any CPU.Build.0 = Release|Any CPU
		{9C245F59-9D4A-407E-AB71-F8BDE015D1CC}.AppStore|Any CPU.Deploy.0 = Release|Any CPU
		{9C245F59-9D4A-407E-AB71-F8BDE015D1CC}.AppStore|ARM.ActiveCfg = Release|Any CPU
		{9C245F59-9D4A-407E-AB71-F8BDE015D1CC}.AppStore|ARM.Build.0 = Release|Any CPU
		{9C245F59-9D4A-407E-AB71-F8BDE015D1CC}.AppStore|ARM.Deploy.0 = Release|Any CPU
		{9C245F59-9D4A-407E-AB71-F8BDE015D1CC}.AppStore|iPhone.ActiveCfg = Release|Any CPU
		{9C245F59-9D4A-407E-AB71-F8BDE015D1CC}.AppStore|iPhone.Build.0 = Release|Any CPU
		{9C245F59-9D4A-407E-AB71-F8BDE015D1CC}.AppStore|iPhone.Deploy.0 = Release|Any CPU
		{9C245F59-9D4A-407E-AB71-F8BDE015D1CC}.AppStore|iPhoneSimulator.ActiveCfg = Release|Any CPU
		{9C245F59-9D4A-407E-AB71-F8BDE015D1CC}.AppStore|iPhoneSimulator.Build.0 = Release|Any CPU
		{9C245F59-9D4A-407E-AB71-F8BDE015D1CC}.AppStore|iPhoneSimulator.Deploy.0 = Release|Any CPU
		{9C245F59-9D4A-407E-AB71-F8BDE015D1CC}.AppStore|x64.ActiveCfg = Release|Any CPU
		{9C245F59-9D4A-407E-AB71-F8BDE015D1CC}.AppStore|x64.Build.0 = Release|Any CPU
		{9C245F59-9D4A-407E-AB71-F8BDE015D1CC}.AppStore|x64.Deploy.0 = Release|Any CPU
		{9C245F59-9D4A-407E-AB71-F8BDE015D1CC}.AppStore|x86.ActiveCfg = Release|Any CPU
		{9C245F59-9D4A-407E-AB71-F8BDE015D1CC}.AppStore|x86.Build.0 = Release|Any CPU
		{9C245F59-9D4A-407E-AB71-F8BDE015D1CC}.AppStore|x86.Deploy.0 = Release|Any CPU
		{9C245F59-9D4A-407E-AB71-F8BDE015D1CC}.Debug|Any CPU.ActiveCfg = Debug|Any CPU
		{9C245F59-9D4A-407E-AB71-F8BDE015D1CC}.Debug|Any CPU.Build.0 = Debug|Any CPU
		{9C245F59-9D4A-407E-AB71-F8BDE015D1CC}.Debug|Any CPU.Deploy.0 = Debug|Any CPU
		{9C245F59-9D4A-407E-AB71-F8BDE015D1CC}.Debug|ARM.ActiveCfg = Debug|Any CPU
		{9C245F59-9D4A-407E-AB71-F8BDE015D1CC}.Debug|ARM.Build.0 = Debug|Any CPU
		{9C245F59-9D4A-407E-AB71-F8BDE015D1CC}.Debug|ARM.Deploy.0 = Debug|Any CPU
		{9C245F59-9D4A-407E-AB71-F8BDE015D1CC}.Debug|iPhone.ActiveCfg = Debug|Any CPU
		{9C245F59-9D4A-407E-AB71-F8BDE015D1CC}.Debug|iPhone.Build.0 = Debug|Any CPU
		{9C245F59-9D4A-407E-AB71-F8BDE015D1CC}.Debug|iPhone.Deploy.0 = Debug|Any CPU
		{9C245F59-9D4A-407E-AB71-F8BDE015D1CC}.Debug|iPhoneSimulator.ActiveCfg = Debug|Any CPU
		{9C245F59-9D4A-407E-AB71-F8BDE015D1CC}.Debug|iPhoneSimulator.Build.0 = Debug|Any CPU
		{9C245F59-9D4A-407E-AB71-F8BDE015D1CC}.Debug|iPhoneSimulator.Deploy.0 = Debug|Any CPU
		{9C245F59-9D4A-407E-AB71-F8BDE015D1CC}.Debug|x64.ActiveCfg = Debug|Any CPU
		{9C245F59-9D4A-407E-AB71-F8BDE015D1CC}.Debug|x64.Build.0 = Debug|Any CPU
		{9C245F59-9D4A-407E-AB71-F8BDE015D1CC}.Debug|x64.Deploy.0 = Debug|Any CPU
		{9C245F59-9D4A-407E-AB71-F8BDE015D1CC}.Debug|x86.ActiveCfg = Debug|Any CPU
		{9C245F59-9D4A-407E-AB71-F8BDE015D1CC}.Debug|x86.Build.0 = Debug|Any CPU
		{9C245F59-9D4A-407E-AB71-F8BDE015D1CC}.Debug|x86.Deploy.0 = Debug|Any CPU
		{9C245F59-9D4A-407E-AB71-F8BDE015D1CC}.Release|Any CPU.ActiveCfg = Release|Any CPU
		{9C245F59-9D4A-407E-AB71-F8BDE015D1CC}.Release|Any CPU.Build.0 = Release|Any CPU
		{9C245F59-9D4A-407E-AB71-F8BDE015D1CC}.Release|Any CPU.Deploy.0 = Release|Any CPU
		{9C245F59-9D4A-407E-AB71-F8BDE015D1CC}.Release|ARM.ActiveCfg = Release|Any CPU
		{9C245F59-9D4A-407E-AB71-F8BDE015D1CC}.Release|ARM.Build.0 = Release|Any CPU
		{9C245F59-9D4A-407E-AB71-F8BDE015D1CC}.Release|ARM.Deploy.0 = Release|Any CPU
		{9C245F59-9D4A-407E-AB71-F8BDE015D1CC}.Release|iPhone.ActiveCfg = Release|Any CPU
		{9C245F59-9D4A-407E-AB71-F8BDE015D1CC}.Release|iPhone.Build.0 = Release|Any CPU
		{9C245F59-9D4A-407E-AB71-F8BDE015D1CC}.Release|iPhone.Deploy.0 = Release|Any CPU
		{9C245F59-9D4A-407E-AB71-F8BDE015D1CC}.Release|iPhoneSimulator.ActiveCfg = Release|Any CPU
		{9C245F59-9D4A-407E-AB71-F8BDE015D1CC}.Release|iPhoneSimulator.Build.0 = Release|Any CPU
		{9C245F59-9D4A-407E-AB71-F8BDE015D1CC}.Release|iPhoneSimulator.Deploy.0 = Release|Any CPU
		{9C245F59-9D4A-407E-AB71-F8BDE015D1CC}.Release|x64.ActiveCfg = Release|Any CPU
		{9C245F59-9D4A-407E-AB71-F8BDE015D1CC}.Release|x64.Build.0 = Release|Any CPU
		{9C245F59-9D4A-407E-AB71-F8BDE015D1CC}.Release|x64.Deploy.0 = Release|Any CPU
		{9C245F59-9D4A-407E-AB71-F8BDE015D1CC}.Release|x86.ActiveCfg = Release|Any CPU
		{9C245F59-9D4A-407E-AB71-F8BDE015D1CC}.Release|x86.Build.0 = Release|Any CPU
		{9C245F59-9D4A-407E-AB71-F8BDE015D1CC}.Release|x86.Deploy.0 = Release|Any CPU
		{C25A3563-7614-42D6-9ADF-2C5FB3E29BD4}.Ad-Hoc|Any CPU.ActiveCfg = Ad-Hoc|iPhone
		{C25A3563-7614-42D6-9ADF-2C5FB3E29BD4}.Ad-Hoc|Any CPU.Build.0 = Ad-Hoc|iPhone
		{C25A3563-7614-42D6-9ADF-2C5FB3E29BD4}.Ad-Hoc|Any CPU.Deploy.0 = Ad-Hoc|iPhone
		{C25A3563-7614-42D6-9ADF-2C5FB3E29BD4}.Ad-Hoc|ARM.ActiveCfg = Ad-Hoc|iPhone
		{C25A3563-7614-42D6-9ADF-2C5FB3E29BD4}.Ad-Hoc|ARM.Build.0 = Ad-Hoc|iPhone
		{C25A3563-7614-42D6-9ADF-2C5FB3E29BD4}.Ad-Hoc|ARM.Deploy.0 = Ad-Hoc|iPhone
		{C25A3563-7614-42D6-9ADF-2C5FB3E29BD4}.Ad-Hoc|iPhone.ActiveCfg = Ad-Hoc|iPhone
		{C25A3563-7614-42D6-9ADF-2C5FB3E29BD4}.Ad-Hoc|iPhone.Build.0 = Ad-Hoc|iPhone
		{C25A3563-7614-42D6-9ADF-2C5FB3E29BD4}.Ad-Hoc|iPhone.Deploy.0 = Ad-Hoc|iPhone
		{C25A3563-7614-42D6-9ADF-2C5FB3E29BD4}.Ad-Hoc|iPhoneSimulator.ActiveCfg = Ad-Hoc|iPhoneSimulator
		{C25A3563-7614-42D6-9ADF-2C5FB3E29BD4}.Ad-Hoc|iPhoneSimulator.Build.0 = Ad-Hoc|iPhoneSimulator
		{C25A3563-7614-42D6-9ADF-2C5FB3E29BD4}.Ad-Hoc|iPhoneSimulator.Deploy.0 = Ad-Hoc|iPhoneSimulator
		{C25A3563-7614-42D6-9ADF-2C5FB3E29BD4}.Ad-Hoc|x64.ActiveCfg = Ad-Hoc|iPhone
		{C25A3563-7614-42D6-9ADF-2C5FB3E29BD4}.Ad-Hoc|x64.Build.0 = Ad-Hoc|iPhone
		{C25A3563-7614-42D6-9ADF-2C5FB3E29BD4}.Ad-Hoc|x64.Deploy.0 = Ad-Hoc|iPhone
		{C25A3563-7614-42D6-9ADF-2C5FB3E29BD4}.Ad-Hoc|x86.ActiveCfg = Ad-Hoc|iPhone
		{C25A3563-7614-42D6-9ADF-2C5FB3E29BD4}.Ad-Hoc|x86.Build.0 = Ad-Hoc|iPhone
		{C25A3563-7614-42D6-9ADF-2C5FB3E29BD4}.Ad-Hoc|x86.Deploy.0 = Ad-Hoc|iPhone
		{C25A3563-7614-42D6-9ADF-2C5FB3E29BD4}.AppStore|Any CPU.ActiveCfg = AppStore|iPhone
		{C25A3563-7614-42D6-9ADF-2C5FB3E29BD4}.AppStore|Any CPU.Build.0 = AppStore|iPhone
		{C25A3563-7614-42D6-9ADF-2C5FB3E29BD4}.AppStore|Any CPU.Deploy.0 = AppStore|iPhone
		{C25A3563-7614-42D6-9ADF-2C5FB3E29BD4}.AppStore|ARM.ActiveCfg = AppStore|iPhone
		{C25A3563-7614-42D6-9ADF-2C5FB3E29BD4}.AppStore|ARM.Build.0 = AppStore|iPhone
		{C25A3563-7614-42D6-9ADF-2C5FB3E29BD4}.AppStore|ARM.Deploy.0 = AppStore|iPhone
		{C25A3563-7614-42D6-9ADF-2C5FB3E29BD4}.AppStore|iPhone.ActiveCfg = AppStore|iPhone
		{C25A3563-7614-42D6-9ADF-2C5FB3E29BD4}.AppStore|iPhone.Build.0 = AppStore|iPhone
		{C25A3563-7614-42D6-9ADF-2C5FB3E29BD4}.AppStore|iPhone.Deploy.0 = AppStore|iPhone
		{C25A3563-7614-42D6-9ADF-2C5FB3E29BD4}.AppStore|iPhoneSimulator.ActiveCfg = AppStore|iPhoneSimulator
		{C25A3563-7614-42D6-9ADF-2C5FB3E29BD4}.AppStore|iPhoneSimulator.Build.0 = AppStore|iPhoneSimulator
		{C25A3563-7614-42D6-9ADF-2C5FB3E29BD4}.AppStore|iPhoneSimulator.Deploy.0 = AppStore|iPhoneSimulator
		{C25A3563-7614-42D6-9ADF-2C5FB3E29BD4}.AppStore|x64.ActiveCfg = AppStore|iPhone
		{C25A3563-7614-42D6-9ADF-2C5FB3E29BD4}.AppStore|x64.Build.0 = AppStore|iPhone
		{C25A3563-7614-42D6-9ADF-2C5FB3E29BD4}.AppStore|x64.Deploy.0 = AppStore|iPhone
		{C25A3563-7614-42D6-9ADF-2C5FB3E29BD4}.AppStore|x86.ActiveCfg = AppStore|iPhone
		{C25A3563-7614-42D6-9ADF-2C5FB3E29BD4}.AppStore|x86.Build.0 = AppStore|iPhone
		{C25A3563-7614-42D6-9ADF-2C5FB3E29BD4}.AppStore|x86.Deploy.0 = AppStore|iPhone
		{C25A3563-7614-42D6-9ADF-2C5FB3E29BD4}.Debug|Any CPU.ActiveCfg = Debug|iPhoneSimulator
		{C25A3563-7614-42D6-9ADF-2C5FB3E29BD4}.Debug|Any CPU.Build.0 = Debug|iPhoneSimulator
		{C25A3563-7614-42D6-9ADF-2C5FB3E29BD4}.Debug|Any CPU.Deploy.0 = Debug|iPhoneSimulator
		{C25A3563-7614-42D6-9ADF-2C5FB3E29BD4}.Debug|ARM.ActiveCfg = Debug|iPhone
		{C25A3563-7614-42D6-9ADF-2C5FB3E29BD4}.Debug|ARM.Build.0 = Debug|iPhone
		{C25A3563-7614-42D6-9ADF-2C5FB3E29BD4}.Debug|ARM.Deploy.0 = Debug|iPhone
		{C25A3563-7614-42D6-9ADF-2C5FB3E29BD4}.Debug|iPhone.ActiveCfg = Debug|iPhone
		{C25A3563-7614-42D6-9ADF-2C5FB3E29BD4}.Debug|iPhone.Build.0 = Debug|iPhone
		{C25A3563-7614-42D6-9ADF-2C5FB3E29BD4}.Debug|iPhone.Deploy.0 = Debug|iPhone
		{C25A3563-7614-42D6-9ADF-2C5FB3E29BD4}.Debug|iPhoneSimulator.ActiveCfg = Debug|iPhoneSimulator
		{C25A3563-7614-42D6-9ADF-2C5FB3E29BD4}.Debug|iPhoneSimulator.Build.0 = Debug|iPhoneSimulator
		{C25A3563-7614-42D6-9ADF-2C5FB3E29BD4}.Debug|iPhoneSimulator.Deploy.0 = Debug|iPhoneSimulator
		{C25A3563-7614-42D6-9ADF-2C5FB3E29BD4}.Debug|x64.ActiveCfg = Debug|iPhone
		{C25A3563-7614-42D6-9ADF-2C5FB3E29BD4}.Debug|x64.Build.0 = Debug|iPhone
		{C25A3563-7614-42D6-9ADF-2C5FB3E29BD4}.Debug|x64.Deploy.0 = Debug|iPhone
		{C25A3563-7614-42D6-9ADF-2C5FB3E29BD4}.Debug|x86.ActiveCfg = Debug|iPhone
		{C25A3563-7614-42D6-9ADF-2C5FB3E29BD4}.Debug|x86.Build.0 = Debug|iPhone
		{C25A3563-7614-42D6-9ADF-2C5FB3E29BD4}.Debug|x86.Deploy.0 = Debug|iPhone
		{C25A3563-7614-42D6-9ADF-2C5FB3E29BD4}.Release|Any CPU.ActiveCfg = Release|iPhone
		{C25A3563-7614-42D6-9ADF-2C5FB3E29BD4}.Release|Any CPU.Build.0 = Release|iPhone
		{C25A3563-7614-42D6-9ADF-2C5FB3E29BD4}.Release|Any CPU.Deploy.0 = Release|iPhone
		{C25A3563-7614-42D6-9ADF-2C5FB3E29BD4}.Release|ARM.ActiveCfg = Release|iPhone
		{C25A3563-7614-42D6-9ADF-2C5FB3E29BD4}.Release|ARM.Build.0 = Release|iPhone
		{C25A3563-7614-42D6-9ADF-2C5FB3E29BD4}.Release|ARM.Deploy.0 = Release|iPhone
		{C25A3563-7614-42D6-9ADF-2C5FB3E29BD4}.Release|iPhone.ActiveCfg = Release|iPhone
		{C25A3563-7614-42D6-9ADF-2C5FB3E29BD4}.Release|iPhone.Build.0 = Release|iPhone
		{C25A3563-7614-42D6-9ADF-2C5FB3E29BD4}.Release|iPhone.Deploy.0 = Release|iPhone
		{C25A3563-7614-42D6-9ADF-2C5FB3E29BD4}.Release|iPhoneSimulator.ActiveCfg = Release|iPhoneSimulator
		{C25A3563-7614-42D6-9ADF-2C5FB3E29BD4}.Release|iPhoneSimulator.Build.0 = Release|iPhoneSimulator
		{C25A3563-7614-42D6-9ADF-2C5FB3E29BD4}.Release|iPhoneSimulator.Deploy.0 = Release|iPhoneSimulator
		{C25A3563-7614-42D6-9ADF-2C5FB3E29BD4}.Release|x64.ActiveCfg = Release|iPhone
		{C25A3563-7614-42D6-9ADF-2C5FB3E29BD4}.Release|x64.Build.0 = Release|iPhone
		{C25A3563-7614-42D6-9ADF-2C5FB3E29BD4}.Release|x64.Deploy.0 = Release|iPhone
		{C25A3563-7614-42D6-9ADF-2C5FB3E29BD4}.Release|x86.ActiveCfg = Release|iPhone
		{C25A3563-7614-42D6-9ADF-2C5FB3E29BD4}.Release|x86.Build.0 = Release|iPhone
		{C25A3563-7614-42D6-9ADF-2C5FB3E29BD4}.Release|x86.Deploy.0 = Release|iPhone
		{27F25B3D-6991-4B6D-A920-26C92917BE22}.Ad-Hoc|Any CPU.ActiveCfg = Debug|Any CPU
		{27F25B3D-6991-4B6D-A920-26C92917BE22}.Ad-Hoc|Any CPU.Build.0 = Debug|Any CPU
		{27F25B3D-6991-4B6D-A920-26C92917BE22}.Ad-Hoc|Any CPU.Deploy.0 = Debug|Any CPU
		{27F25B3D-6991-4B6D-A920-26C92917BE22}.Ad-Hoc|ARM.ActiveCfg = Debug|Any CPU
		{27F25B3D-6991-4B6D-A920-26C92917BE22}.Ad-Hoc|ARM.Build.0 = Debug|Any CPU
		{27F25B3D-6991-4B6D-A920-26C92917BE22}.Ad-Hoc|ARM.Deploy.0 = Debug|Any CPU
		{27F25B3D-6991-4B6D-A920-26C92917BE22}.Ad-Hoc|iPhone.ActiveCfg = Debug|Any CPU
		{27F25B3D-6991-4B6D-A920-26C92917BE22}.Ad-Hoc|iPhone.Build.0 = Debug|Any CPU
		{27F25B3D-6991-4B6D-A920-26C92917BE22}.Ad-Hoc|iPhone.Deploy.0 = Debug|Any CPU
		{27F25B3D-6991-4B6D-A920-26C92917BE22}.Ad-Hoc|iPhoneSimulator.ActiveCfg = Debug|Any CPU
		{27F25B3D-6991-4B6D-A920-26C92917BE22}.Ad-Hoc|iPhoneSimulator.Build.0 = Debug|Any CPU
		{27F25B3D-6991-4B6D-A920-26C92917BE22}.Ad-Hoc|iPhoneSimulator.Deploy.0 = Debug|Any CPU
		{27F25B3D-6991-4B6D-A920-26C92917BE22}.Ad-Hoc|x64.ActiveCfg = Debug|Any CPU
		{27F25B3D-6991-4B6D-A920-26C92917BE22}.Ad-Hoc|x64.Build.0 = Debug|Any CPU
		{27F25B3D-6991-4B6D-A920-26C92917BE22}.Ad-Hoc|x64.Deploy.0 = Debug|Any CPU
		{27F25B3D-6991-4B6D-A920-26C92917BE22}.Ad-Hoc|x86.ActiveCfg = Debug|Any CPU
		{27F25B3D-6991-4B6D-A920-26C92917BE22}.Ad-Hoc|x86.Build.0 = Debug|Any CPU
		{27F25B3D-6991-4B6D-A920-26C92917BE22}.Ad-Hoc|x86.Deploy.0 = Debug|Any CPU
		{27F25B3D-6991-4B6D-A920-26C92917BE22}.AppStore|Any CPU.ActiveCfg = Debug|Any CPU
		{27F25B3D-6991-4B6D-A920-26C92917BE22}.AppStore|Any CPU.Build.0 = Debug|Any CPU
		{27F25B3D-6991-4B6D-A920-26C92917BE22}.AppStore|Any CPU.Deploy.0 = Debug|Any CPU
		{27F25B3D-6991-4B6D-A920-26C92917BE22}.AppStore|ARM.ActiveCfg = Debug|Any CPU
		{27F25B3D-6991-4B6D-A920-26C92917BE22}.AppStore|ARM.Build.0 = Debug|Any CPU
		{27F25B3D-6991-4B6D-A920-26C92917BE22}.AppStore|ARM.Deploy.0 = Debug|Any CPU
		{27F25B3D-6991-4B6D-A920-26C92917BE22}.AppStore|iPhone.ActiveCfg = Debug|Any CPU
		{27F25B3D-6991-4B6D-A920-26C92917BE22}.AppStore|iPhone.Build.0 = Debug|Any CPU
		{27F25B3D-6991-4B6D-A920-26C92917BE22}.AppStore|iPhone.Deploy.0 = Debug|Any CPU
		{27F25B3D-6991-4B6D-A920-26C92917BE22}.AppStore|iPhoneSimulator.ActiveCfg = Debug|Any CPU
		{27F25B3D-6991-4B6D-A920-26C92917BE22}.AppStore|iPhoneSimulator.Build.0 = Debug|Any CPU
		{27F25B3D-6991-4B6D-A920-26C92917BE22}.AppStore|iPhoneSimulator.Deploy.0 = Debug|Any CPU
		{27F25B3D-6991-4B6D-A920-26C92917BE22}.AppStore|x64.ActiveCfg = Debug|Any CPU
		{27F25B3D-6991-4B6D-A920-26C92917BE22}.AppStore|x64.Build.0 = Debug|Any CPU
		{27F25B3D-6991-4B6D-A920-26C92917BE22}.AppStore|x64.Deploy.0 = Debug|Any CPU
		{27F25B3D-6991-4B6D-A920-26C92917BE22}.AppStore|x86.ActiveCfg = Debug|Any CPU
		{27F25B3D-6991-4B6D-A920-26C92917BE22}.AppStore|x86.Build.0 = Debug|Any CPU
		{27F25B3D-6991-4B6D-A920-26C92917BE22}.AppStore|x86.Deploy.0 = Debug|Any CPU
		{27F25B3D-6991-4B6D-A920-26C92917BE22}.Debug|Any CPU.ActiveCfg = Debug|Any CPU
		{27F25B3D-6991-4B6D-A920-26C92917BE22}.Debug|Any CPU.Build.0 = Debug|Any CPU
		{27F25B3D-6991-4B6D-A920-26C92917BE22}.Debug|Any CPU.Deploy.0 = Debug|Any CPU
		{27F25B3D-6991-4B6D-A920-26C92917BE22}.Debug|ARM.ActiveCfg = Debug|Any CPU
		{27F25B3D-6991-4B6D-A920-26C92917BE22}.Debug|ARM.Build.0 = Debug|Any CPU
		{27F25B3D-6991-4B6D-A920-26C92917BE22}.Debug|ARM.Deploy.0 = Debug|Any CPU
		{27F25B3D-6991-4B6D-A920-26C92917BE22}.Debug|iPhone.ActiveCfg = Debug|Any CPU
		{27F25B3D-6991-4B6D-A920-26C92917BE22}.Debug|iPhone.Build.0 = Debug|Any CPU
		{27F25B3D-6991-4B6D-A920-26C92917BE22}.Debug|iPhone.Deploy.0 = Debug|Any CPU
		{27F25B3D-6991-4B6D-A920-26C92917BE22}.Debug|iPhoneSimulator.ActiveCfg = Debug|Any CPU
		{27F25B3D-6991-4B6D-A920-26C92917BE22}.Debug|iPhoneSimulator.Build.0 = Debug|Any CPU
		{27F25B3D-6991-4B6D-A920-26C92917BE22}.Debug|iPhoneSimulator.Deploy.0 = Debug|Any CPU
		{27F25B3D-6991-4B6D-A920-26C92917BE22}.Debug|x64.ActiveCfg = Debug|Any CPU
		{27F25B3D-6991-4B6D-A920-26C92917BE22}.Debug|x64.Build.0 = Debug|Any CPU
		{27F25B3D-6991-4B6D-A920-26C92917BE22}.Debug|x64.Deploy.0 = Debug|Any CPU
		{27F25B3D-6991-4B6D-A920-26C92917BE22}.Debug|x86.ActiveCfg = Debug|Any CPU
		{27F25B3D-6991-4B6D-A920-26C92917BE22}.Debug|x86.Build.0 = Debug|Any CPU
		{27F25B3D-6991-4B6D-A920-26C92917BE22}.Debug|x86.Deploy.0 = Debug|Any CPU
		{27F25B3D-6991-4B6D-A920-26C92917BE22}.Release|Any CPU.ActiveCfg = Release|Any CPU
		{27F25B3D-6991-4B6D-A920-26C92917BE22}.Release|Any CPU.Build.0 = Release|Any CPU
		{27F25B3D-6991-4B6D-A920-26C92917BE22}.Release|Any CPU.Deploy.0 = Release|Any CPU
		{27F25B3D-6991-4B6D-A920-26C92917BE22}.Release|ARM.ActiveCfg = Release|Any CPU
		{27F25B3D-6991-4B6D-A920-26C92917BE22}.Release|ARM.Build.0 = Release|Any CPU
		{27F25B3D-6991-4B6D-A920-26C92917BE22}.Release|ARM.Deploy.0 = Release|Any CPU
		{27F25B3D-6991-4B6D-A920-26C92917BE22}.Release|iPhone.ActiveCfg = Release|Any CPU
		{27F25B3D-6991-4B6D-A920-26C92917BE22}.Release|iPhone.Build.0 = Release|Any CPU
		{27F25B3D-6991-4B6D-A920-26C92917BE22}.Release|iPhone.Deploy.0 = Release|Any CPU
		{27F25B3D-6991-4B6D-A920-26C92917BE22}.Release|iPhoneSimulator.ActiveCfg = Release|Any CPU
		{27F25B3D-6991-4B6D-A920-26C92917BE22}.Release|iPhoneSimulator.Build.0 = Release|Any CPU
		{27F25B3D-6991-4B6D-A920-26C92917BE22}.Release|iPhoneSimulator.Deploy.0 = Release|Any CPU
		{27F25B3D-6991-4B6D-A920-26C92917BE22}.Release|x64.ActiveCfg = Release|Any CPU
		{27F25B3D-6991-4B6D-A920-26C92917BE22}.Release|x64.Build.0 = Release|Any CPU
		{27F25B3D-6991-4B6D-A920-26C92917BE22}.Release|x64.Deploy.0 = Release|Any CPU
		{27F25B3D-6991-4B6D-A920-26C92917BE22}.Release|x86.ActiveCfg = Release|Any CPU
		{27F25B3D-6991-4B6D-A920-26C92917BE22}.Release|x86.Build.0 = Release|Any CPU
		{27F25B3D-6991-4B6D-A920-26C92917BE22}.Release|x86.Deploy.0 = Release|Any CPU
	EndGlobalSection
	GlobalSection(SolutionProperties) = preSolution
		HideSolutionNode = FALSE
	EndGlobalSection
	GlobalSection(ExtensibilityGlobals) = postSolution
		SolutionGuid = {3DE995A0-ABB3-4810-8DCC-9AA68E948A7E}
	EndGlobalSection
EndGlobal
